
Microsoft Visual Studio Solution File, Format Version 12.00
# Visual Studio Version 17
VisualStudioVersion = 17.7.34024.191
MinimumVisualStudioVersion = 10.0.40219.1
Project("{FAE04EC0-301F-11D3-BF4B-00C04F79EFBC}") = "SnackbarB2C2PI4_LeviFunk_MVC", "SnackbarB2C2PI4_LeviFunk_MVC.csproj", "{0FBFC502-3E06-43A2-B7A5-CFAB8A8252EC}"
EndProject
Project("{FAE04EC0-301F-11D3-BF4B-00C04F79EFBC}") = "SnackbarB2C2PI4_LeviFunk_DataLibrary", "..\SnackbarB2C2PI4_LeviFunk_DataLibrary\SnackbarB2C2PI4_LeviFunk_DataLibrary.csproj", "{07A645E1-DFEF-47DC-BF78-5B9C8A7363E7}"
EndProject
Project("{FAE04EC0-301F-11D3-BF4B-00C04F79EFBC}") = "SnackbarB2C2PI4_LeviFunk_API", "..\SnackbarB2C2PI4_LeviFunk_API\SnackbarB2C2PI4_LeviFunk_API.csproj", "{E3456275-213B-47C4-93D6-343A8ED5B430}"
EndProject
Global
	GlobalSection(SolutionConfigurationPlatforms) = preSolution
		Debug|Any CPU = Debug|Any CPU
		Release|Any CPU = Release|Any CPU
	EndGlobalSection
	GlobalSection(ProjectConfigurationPlatforms) = postSolution
		{0FBFC502-3E06-43A2-B7A5-CFAB8A8252EC}.Debug|Any CPU.ActiveCfg = Debug|Any CPU
		{0FBFC502-3E06-43A2-B7A5-CFAB8A8252EC}.Debug|Any CPU.Build.0 = Debug|Any CPU
		{0FBFC502-3E06-43A2-B7A5-CFAB8A8252EC}.Release|Any CPU.ActiveCfg = Release|Any CPU
		{0FBFC502-3E06-43A2-B7A5-CFAB8A8252EC}.Release|Any CPU.Build.0 = Release|Any CPU
		{07A645E1-DFEF-47DC-BF78-5B9C8A7363E7}.Debug|Any CPU.ActiveCfg = Debug|Any CPU
		{07A645E1-DFEF-47DC-BF78-5B9C8A7363E7}.Debug|Any CPU.Build.0 = Debug|Any CPU
		{07A645E1-DFEF-47DC-BF78-5B9C8A7363E7}.Release|Any CPU.ActiveCfg = Release|Any CPU
		{07A645E1-DFEF-47DC-BF78-5B9C8A7363E7}.Release|Any CPU.Build.0 = Release|Any CPU
		{E3456275-213B-47C4-93D6-343A8ED5B430}.Debug|Any CPU.ActiveCfg = Debug|Any CPU
		{E3456275-213B-47C4-93D6-343A8ED5B430}.Debug|Any CPU.Build.0 = Debug|Any CPU
		{E3456275-213B-47C4-93D6-343A8ED5B430}.Release|Any CPU.ActiveCfg = Release|Any CPU
		{E3456275-213B-47C4-93D6-343A8ED5B430}.Release|Any CPU.Build.0 = Release|Any CPU
	EndGlobalSection
	GlobalSection(SolutionProperties) = preSolution
		HideSolutionNode = FALSE
	EndGlobalSection
	GlobalSection(ExtensibilityGlobals) = postSolution
		SolutionGuid = {7C7F92C7-CC6E-4DD2-BF35-F39DA593F800}
	EndGlobalSection
EndGlobal
